
Microsoft Visual Studio Solution File, Format Version 12.00
# Visual Studio Version 17
VisualStudioVersion = 17.0.31903.59
MinimumVisualStudioVersion = 10.0.40219.1
Project("{2150E333-8FDC-42A3-9474-1A3956D46DE8}") = "src", "src", "{827E0CD3-B72D-47B6-A68D-7590B98EB39B}"
EndProject
Project("{FAE04EC0-301F-11D3-BF4B-00C04F79EFBC}") = "Md2OneNote.Core", "src\Md2OneNote.Core\Md2OneNote.Core.csproj", "{893F8F82-BCFD-47A8-9A03-7417F1FE1EA7}"
EndProject
Project("{FAE04EC0-301F-11D3-BF4B-00C04F79EFBC}") = "Md2OneNote.Application", "src\Md2OneNote.Application\Md2OneNote.Application.csproj", "{3DF4D5BF-8448-4237-9DD8-15A98BD842D5}"
EndProject
Project("{2150E333-8FDC-42A3-9474-1A3956D46DE8}") = "tests", "tests", "{0AB3BF05-4346-4AA6-1389-037BE0695223}"
EndProject
Project("{FAE04EC0-301F-11D3-BF4B-00C04F79EFBC}") = "Md2OneNote.Application.Tests", "tests\Md2OneNote.Application.Tests\Md2OneNote.Application.Tests.csproj", "{6DBF44E4-F24F-4A9B-ABF6-A06CE4163F1A}"
EndProject
Project("{FAE04EC0-301F-11D3-BF4B-00C04F79EFBC}") = "Md2OneNote.Core.Tests", "tests\Md2OneNote.Core.Tests\Md2OneNote.Core.Tests.csproj", "{6E341750-E984-4DFA-BE5B-239DF83DC528}"
EndProject
Project("{FAE04EC0-301F-11D3-BF4B-00C04F79EFBC}") = "Md2OneNote.Storage", "src\Md2OneNote.Storage\Md2OneNote.Storage.csproj", "{B5A2BBEC-3D2A-4ABC-9062-2B24CFFE6CB2}"
EndProject
Project("{FAE04EC0-301F-11D3-BF4B-00C04F79EFBC}") = "Md2OneNote.Storage.Tests", "tests\Md2OneNote.Storage.Tests\Md2OneNote.Storage.Tests.csproj", "{0D4C9787-413E-4848-8D27-416B51EDED9F}"
EndProject
Project("{FAE04EC0-301F-11D3-BF4B-00C04F79EFBC}") = "Md2OneNote.Interop", "src\Md2OneNote.Interop\Md2OneNote.Interop.csproj", "{4EFB92AC-8789-4020-9D09-ABD8ACAA6BAF}"
EndProject
Project("{FAE04EC0-301F-11D3-BF4B-00C04F79EFBC}") = "Md2OneNote.Interop.Tests", "tests\Md2OneNote.Interop.Tests\Md2OneNote.Interop.Tests.csproj", "{1E9C9357-86EB-47EA-8718-F778F88EE029}"
EndProject
Project("{FAE04EC0-301F-11D3-BF4B-00C04F79EFBC}") = "Md2OneNote.AddIn", "src\Md2OneNote.AddIn\Md2OneNote.AddIn.csproj", "{B3DCC3A1-294E-41BA-8A78-A04CEE579A32}"
EndProject
Project("{FAE04EC0-301F-11D3-BF4B-00C04F79EFBC}") = "Md2OneNote.Diagrams", "src\Md2OneNote.Diagrams\Md2OneNote.Diagrams.csproj", "{ED69F3A8-0E13-468F-AC59-9E4C06EB1405}"
EndProject
Project("{FAE04EC0-301F-11D3-BF4B-00C04F79EFBC}") = "Md2OneNote.Diagrams.Tests", "tests\Md2OneNote.Diagrams.Tests\Md2OneNote.Diagrams.Tests.csproj", "{B1569C9D-EEF3-4222-BB75-DEBB7DB873FB}"
EndProject
Global
	GlobalSection(SolutionConfigurationPlatforms) = preSolution
		Debug|Any CPU = Debug|Any CPU
		Debug|x64 = Debug|x64
		Debug|x86 = Debug|x86
		Release|Any CPU = Release|Any CPU
		Release|x64 = Release|x64
		Release|x86 = Release|x86
	EndGlobalSection
	GlobalSection(ProjectConfigurationPlatforms) = postSolution
		{893F8F82-BCFD-47A8-9A03-7417F1FE1EA7}.Debug|Any CPU.ActiveCfg = Debug|Any CPU
		{893F8F82-BCFD-47A8-9A03-7417F1FE1EA7}.Debug|Any CPU.Build.0 = Debug|Any CPU
		{893F8F82-BCFD-47A8-9A03-7417F1FE1EA7}.Debug|x64.ActiveCfg = Debug|Any CPU
		{893F8F82-BCFD-47A8-9A03-7417F1FE1EA7}.Debug|x64.Build.0 = Debug|Any CPU
		{893F8F82-BCFD-47A8-9A03-7417F1FE1EA7}.Debug|x86.ActiveCfg = Debug|Any CPU
		{893F8F82-BCFD-47A8-9A03-7417F1FE1EA7}.Debug|x86.Build.0 = Debug|Any CPU
		{893F8F82-BCFD-47A8-9A03-7417F1FE1EA7}.Release|Any CPU.ActiveCfg = Release|Any CPU
		{893F8F82-BCFD-47A8-9A03-7417F1FE1EA7}.Release|Any CPU.Build.0 = Release|Any CPU
		{893F8F82-BCFD-47A8-9A03-7417F1FE1EA7}.Release|x64.ActiveCfg = Release|Any CPU
		{893F8F82-BCFD-47A8-9A03-7417F1FE1EA7}.Release|x64.Build.0 = Release|Any CPU
		{893F8F82-BCFD-47A8-9A03-7417F1FE1EA7}.Release|x86.ActiveCfg = Release|Any CPU
		{893F8F82-BCFD-47A8-9A03-7417F1FE1EA7}.Release|x86.Build.0 = Release|Any CPU
		{3DF4D5BF-8448-4237-9DD8-15A98BD842D5}.Debug|Any CPU.ActiveCfg = Debug|Any CPU
		{3DF4D5BF-8448-4237-9DD8-15A98BD842D5}.Debug|Any CPU.Build.0 = Debug|Any CPU
		{3DF4D5BF-8448-4237-9DD8-15A98BD842D5}.Debug|x64.ActiveCfg = Debug|Any CPU
		{3DF4D5BF-8448-4237-9DD8-15A98BD842D5}.Debug|x64.Build.0 = Debug|Any CPU
		{3DF4D5BF-8448-4237-9DD8-15A98BD842D5}.Debug|x86.ActiveCfg = Debug|Any CPU
		{3DF4D5BF-8448-4237-9DD8-15A98BD842D5}.Debug|x86.Build.0 = Debug|Any CPU
		{3DF4D5BF-8448-4237-9DD8-15A98BD842D5}.Release|Any CPU.ActiveCfg = Release|Any CPU
		{3DF4D5BF-8448-4237-9DD8-15A98BD842D5}.Release|Any CPU.Build.0 = Release|Any CPU
		{3DF4D5BF-8448-4237-9DD8-15A98BD842D5}.Release|x64.ActiveCfg = Release|Any CPU
		{3DF4D5BF-8448-4237-9DD8-15A98BD842D5}.Release|x64.Build.0 = Release|Any CPU
		{3DF4D5BF-8448-4237-9DD8-15A98BD842D5}.Release|x86.ActiveCfg = Release|Any CPU
		{3DF4D5BF-8448-4237-9DD8-15A98BD842D5}.Release|x86.Build.0 = Release|Any CPU
		{6DBF44E4-F24F-4A9B-ABF6-A06CE4163F1A}.Debug|Any CPU.ActiveCfg = Debug|Any CPU
		{6DBF44E4-F24F-4A9B-ABF6-A06CE4163F1A}.Debug|Any CPU.Build.0 = Debug|Any CPU
		{6DBF44E4-F24F-4A9B-ABF6-A06CE4163F1A}.Debug|x64.ActiveCfg = Debug|Any CPU
		{6DBF44E4-F24F-4A9B-ABF6-A06CE4163F1A}.Debug|x64.Build.0 = Debug|Any CPU
		{6DBF44E4-F24F-4A9B-ABF6-A06CE4163F1A}.Debug|x86.ActiveCfg = Debug|Any CPU
		{6DBF44E4-F24F-4A9B-ABF6-A06CE4163F1A}.Debug|x86.Build.0 = Debug|Any CPU
		{6DBF44E4-F24F-4A9B-ABF6-A06CE4163F1A}.Release|Any CPU.ActiveCfg = Release|Any CPU
		{6DBF44E4-F24F-4A9B-ABF6-A06CE4163F1A}.Release|Any CPU.Build.0 = Release|Any CPU
		{6DBF44E4-F24F-4A9B-ABF6-A06CE4163F1A}.Release|x64.ActiveCfg = Release|Any CPU
		{6DBF44E4-F24F-4A9B-ABF6-A06CE4163F1A}.Release|x64.Build.0 = Release|Any CPU
		{6DBF44E4-F24F-4A9B-ABF6-A06CE4163F1A}.Release|x86.ActiveCfg = Release|Any CPU
		{6DBF44E4-F24F-4A9B-ABF6-A06CE4163F1A}.Release|x86.Build.0 = Release|Any CPU
		{6E341750-E984-4DFA-BE5B-239DF83DC528}.Debug|Any CPU.ActiveCfg = Debug|Any CPU
		{6E341750-E984-4DFA-BE5B-239DF83DC528}.Debug|Any CPU.Build.0 = Debug|Any CPU
		{6E341750-E984-4DFA-BE5B-239DF83DC528}.Debug|x64.ActiveCfg = Debug|Any CPU
		{6E341750-E984-4DFA-BE5B-239DF83DC528}.Debug|x64.Build.0 = Debug|Any CPU
		{6E341750-E984-4DFA-BE5B-239DF83DC528}.Debug|x86.ActiveCfg = Debug|Any CPU
		{6E341750-E984-4DFA-BE5B-239DF83DC528}.Debug|x86.Build.0 = Debug|Any CPU
		{6E341750-E984-4DFA-BE5B-239DF83DC528}.Release|Any CPU.ActiveCfg = Release|Any CPU
		{6E341750-E984-4DFA-BE5B-239DF83DC528}.Release|Any CPU.Build.0 = Release|Any CPU
		{6E341750-E984-4DFA-BE5B-239DF83DC528}.Release|x64.ActiveCfg = Release|Any CPU
		{6E341750-E984-4DFA-BE5B-239DF83DC528}.Release|x64.Build.0 = Release|Any CPU
		{6E341750-E984-4DFA-BE5B-239DF83DC528}.Release|x86.ActiveCfg = Release|Any CPU
		{6E341750-E984-4DFA-BE5B-239DF83DC528}.Release|x86.Build.0 = Release|Any CPU
		{B5A2BBEC-3D2A-4ABC-9062-2B24CFFE6CB2}.Debug|Any CPU.ActiveCfg = Debug|Any CPU
		{B5A2BBEC-3D2A-4ABC-9062-2B24CFFE6CB2}.Debug|Any CPU.Build.0 = Debug|Any CPU
		{B5A2BBEC-3D2A-4ABC-9062-2B24CFFE6CB2}.Debug|x64.ActiveCfg = Debug|Any CPU
		{B5A2BBEC-3D2A-4ABC-9062-2B24CFFE6CB2}.Debug|x64.Build.0 = Debug|Any CPU
		{B5A2BBEC-3D2A-4ABC-9062-2B24CFFE6CB2}.Debug|x86.ActiveCfg = Debug|Any CPU
		{B5A2BBEC-3D2A-4ABC-9062-2B24CFFE6CB2}.Debug|x86.Build.0 = Debug|Any CPU
		{B5A2BBEC-3D2A-4ABC-9062-2B24CFFE6CB2}.Release|Any CPU.ActiveCfg = Release|Any CPU
		{B5A2BBEC-3D2A-4ABC-9062-2B24CFFE6CB2}.Release|Any CPU.Build.0 = Release|Any CPU
		{B5A2BBEC-3D2A-4ABC-9062-2B24CFFE6CB2}.Release|x64.ActiveCfg = Release|Any CPU
		{B5A2BBEC-3D2A-4ABC-9062-2B24CFFE6CB2}.Release|x64.Build.0 = Release|Any CPU
		{B5A2BBEC-3D2A-4ABC-9062-2B24CFFE6CB2}.Release|x86.ActiveCfg = Release|Any CPU
		{B5A2BBEC-3D2A-4ABC-9062-2B24CFFE6CB2}.Release|x86.Build.0 = Release|Any CPU
		{0D4C9787-413E-4848-8D27-416B51EDED9F}.Debug|Any CPU.ActiveCfg = Debug|Any CPU
		{0D4C9787-413E-4848-8D27-416B51EDED9F}.Debug|Any CPU.Build.0 = Debug|Any CPU
		{0D4C9787-413E-4848-8D27-416B51EDED9F}.Debug|x64.ActiveCfg = Debug|Any CPU
		{0D4C9787-413E-4848-8D27-416B51EDED9F}.Debug|x64.Build.0 = Debug|Any CPU
		{0D4C9787-413E-4848-8D27-416B51EDED9F}.Debug|x86.ActiveCfg = Debug|Any CPU
		{0D4C9787-413E-4848-8D27-416B51EDED9F}.Debug|x86.Build.0 = Debug|Any CPU
		{0D4C9787-413E-4848-8D27-416B51EDED9F}.Release|Any CPU.ActiveCfg = Release|Any CPU
		{0D4C9787-413E-4848-8D27-416B51EDED9F}.Release|Any CPU.Build.0 = Release|Any CPU
		{0D4C9787-413E-4848-8D27-416B51EDED9F}.Release|x64.ActiveCfg = Release|Any CPU
		{0D4C9787-413E-4848-8D27-416B51EDED9F}.Release|x64.Build.0 = Release|Any CPU
		{0D4C9787-413E-4848-8D27-416B51EDED9F}.Release|x86.ActiveCfg = Release|Any CPU
		{0D4C9787-413E-4848-8D27-416B51EDED9F}.Release|x86.Build.0 = Release|Any CPU
		{4EFB92AC-8789-4020-9D09-ABD8ACAA6BAF}.Debug|Any CPU.ActiveCfg = Debug|Any CPU
		{4EFB92AC-8789-4020-9D09-ABD8ACAA6BAF}.Debug|Any CPU.Build.0 = Debug|Any CPU
		{4EFB92AC-8789-4020-9D09-ABD8ACAA6BAF}.Debug|x64.ActiveCfg = Debug|Any CPU
		{4EFB92AC-8789-4020-9D09-ABD8ACAA6BAF}.Debug|x64.Build.0 = Debug|Any CPU
		{4EFB92AC-8789-4020-9D09-ABD8ACAA6BAF}.Debug|x86.ActiveCfg = Debug|Any CPU
		{4EFB92AC-8789-4020-9D09-ABD8ACAA6BAF}.Debug|x86.Build.0 = Debug|Any CPU
		{4EFB92AC-8789-4020-9D09-ABD8ACAA6BAF}.Release|Any CPU.ActiveCfg = Release|Any CPU
		{4EFB92AC-8789-4020-9D09-ABD8ACAA6BAF}.Release|Any CPU.Build.0 = Release|Any CPU
		{4EFB92AC-8789-4020-9D09-ABD8ACAA6BAF}.Release|x64.ActiveCfg = Release|Any CPU
		{4EFB92AC-8789-4020-9D09-ABD8ACAA6BAF}.Release|x64.Build.0 = Release|Any CPU
		{4EFB92AC-8789-4020-9D09-ABD8ACAA6BAF}.Release|x86.ActiveCfg = Release|Any CPU
		{4EFB92AC-8789-4020-9D09-ABD8ACAA6BAF}.Release|x86.Build.0 = Release|Any CPU
		{1E9C9357-86EB-47EA-8718-F778F88EE029}.Debug|Any CPU.ActiveCfg = Debug|Any CPU
		{1E9C9357-86EB-47EA-8718-F778F88EE029}.Debug|Any CPU.Build.0 = Debug|Any CPU
		{1E9C9357-86EB-47EA-8718-F778F88EE029}.Debug|x64.ActiveCfg = Debug|Any CPU
		{1E9C9357-86EB-47EA-8718-F778F88EE029}.Debug|x64.Build.0 = Debug|Any CPU
		{1E9C9357-86EB-47EA-8718-F778F88EE029}.Debug|x86.ActiveCfg = Debug|Any CPU
		{1E9C9357-86EB-47EA-8718-F778F88EE029}.Debug|x86.Build.0 = Debug|Any CPU
		{1E9C9357-86EB-47EA-8718-F778F88EE029}.Release|Any CPU.ActiveCfg = Release|Any CPU
		{1E9C9357-86EB-47EA-8718-F778F88EE029}.Release|Any CPU.Build.0 = Release|Any CPU
		{1E9C9357-86EB-47EA-8718-F778F88EE029}.Release|x64.ActiveCfg = Release|Any CPU
		{1E9C9357-86EB-47EA-8718-F778F88EE029}.Release|x64.Build.0 = Release|Any CPU
		{1E9C9357-86EB-47EA-8718-F778F88EE029}.Release|x86.ActiveCfg = Release|Any CPU
		{1E9C9357-86EB-47EA-8718-F778F88EE029}.Release|x86.Build.0 = Release|Any CPU
		{B3DCC3A1-294E-41BA-8A78-A04CEE579A32}.Debug|Any CPU.ActiveCfg = Debug|Any CPU
		{B3DCC3A1-294E-41BA-8A78-A04CEE579A32}.Debug|Any CPU.Build.0 = Debug|Any CPU
		{B3DCC3A1-294E-41BA-8A78-A04CEE579A32}.Debug|x64.ActiveCfg = Debug|Any CPU
		{B3DCC3A1-294E-41BA-8A78-A04CEE579A32}.Debug|x64.Build.0 = Debug|Any CPU
		{B3DCC3A1-294E-41BA-8A78-A04CEE579A32}.Debug|x86.ActiveCfg = Debug|Any CPU
		{B3DCC3A1-294E-41BA-8A78-A04CEE579A32}.Debug|x86.Build.0 = Debug|Any CPU
		{B3DCC3A1-294E-41BA-8A78-A04CEE579A32}.Release|Any CPU.ActiveCfg = Release|Any CPU
		{B3DCC3A1-294E-41BA-8A78-A04CEE579A32}.Release|Any CPU.Build.0 = Release|Any CPU
		{B3DCC3A1-294E-41BA-8A78-A04CEE579A32}.Release|x64.ActiveCfg = Release|Any CPU
		{B3DCC3A1-294E-41BA-8A78-A04CEE579A32}.Release|x64.Build.0 = Release|Any CPU
		{B3DCC3A1-294E-41BA-8A78-A04CEE579A32}.Release|x86.ActiveCfg = Release|Any CPU
		{B3DCC3A1-294E-41BA-8A78-A04CEE579A32}.Release|x86.Build.0 = Release|Any CPU
		{ED69F3A8-0E13-468F-AC59-9E4C06EB1405}.Debug|Any CPU.ActiveCfg = Debug|Any CPU
		{ED69F3A8-0E13-468F-AC59-9E4C06EB1405}.Debug|Any CPU.Build.0 = Debug|Any CPU
		{ED69F3A8-0E13-468F-AC59-9E4C06EB1405}.Debug|x64.ActiveCfg = Debug|Any CPU
		{ED69F3A8-0E13-468F-AC59-9E4C06EB1405}.Debug|x64.Build.0 = Debug|Any CPU
		{ED69F3A8-0E13-468F-AC59-9E4C06EB1405}.Debug|x86.ActiveCfg = Debug|Any CPU
		{ED69F3A8-0E13-468F-AC59-9E4C06EB1405}.Debug|x86.Build.0 = Debug|Any CPU
		{ED69F3A8-0E13-468F-AC59-9E4C06EB1405}.Release|Any CPU.ActiveCfg = Release|Any CPU
		{ED69F3A8-0E13-468F-AC59-9E4C06EB1405}.Release|Any CPU.Build.0 = Release|Any CPU
		{ED69F3A8-0E13-468F-AC59-9E4C06EB1405}.Release|x64.ActiveCfg = Release|Any CPU
		{ED69F3A8-0E13-468F-AC59-9E4C06EB1405}.Release|x64.Build.0 = Release|Any CPU
		{ED69F3A8-0E13-468F-AC59-9E4C06EB1405}.Release|x86.ActiveCfg = Release|Any CPU
		{ED69F3A8-0E13-468F-AC59-9E4C06EB1405}.Release|x86.Build.0 = Release|Any CPU
		{B1569C9D-EEF3-4222-BB75-DEBB7DB873FB}.Debug|Any CPU.ActiveCfg = Debug|Any CPU
		{B1569C9D-EEF3-4222-BB75-DEBB7DB873FB}.Debug|Any CPU.Build.0 = Debug|Any CPU
		{B1569C9D-EEF3-4222-BB75-DEBB7DB873FB}.Debug|x64.ActiveCfg = Debug|Any CPU
		{B1569C9D-EEF3-4222-BB75-DEBB7DB873FB}.Debug|x64.Build.0 = Debug|Any CPU
		{B1569C9D-EEF3-4222-BB75-DEBB7DB873FB}.Debug|x86.ActiveCfg = Debug|Any CPU
		{B1569C9D-EEF3-4222-BB75-DEBB7DB873FB}.Debug|x86.Build.0 = Debug|Any CPU
		{B1569C9D-EEF3-4222-BB75-DEBB7DB873FB}.Release|Any CPU.ActiveCfg = Release|Any CPU
		{B1569C9D-EEF3-4222-BB75-DEBB7DB873FB}.Release|Any CPU.Build.0 = Release|Any CPU
		{B1569C9D-EEF3-4222-BB75-DEBB7DB873FB}.Release|x64.ActiveCfg = Release|Any CPU
		{B1569C9D-EEF3-4222-BB75-DEBB7DB873FB}.Release|x64.Build.0 = Release|Any CPU
		{B1569C9D-EEF3-4222-BB75-DEBB7DB873FB}.Release|x86.ActiveCfg = Release|Any CPU
		{B1569C9D-EEF3-4222-BB75-DEBB7DB873FB}.Release|x86.Build.0 = Release|Any CPU
	EndGlobalSection
	GlobalSection(SolutionProperties) = preSolution
		HideSolutionNode = FALSE
	EndGlobalSection
	GlobalSection(NestedProjects) = preSolution
		{893F8F82-BCFD-47A8-9A03-7417F1FE1EA7} = {827E0CD3-B72D-47B6-A68D-7590B98EB39B}
		{3DF4D5BF-8448-4237-9DD8-15A98BD842D5} = {827E0CD3-B72D-47B6-A68D-7590B98EB39B}
		{6DBF44E4-F24F-4A9B-ABF6-A06CE4163F1A} = {0AB3BF05-4346-4AA6-1389-037BE0695223}
		{6E341750-E984-4DFA-BE5B-239DF83DC528} = {0AB3BF05-4346-4AA6-1389-037BE0695223}
		{B5A2BBEC-3D2A-4ABC-9062-2B24CFFE6CB2} = {827E0CD3-B72D-47B6-A68D-7590B98EB39B}
		{0D4C9787-413E-4848-8D27-416B51EDED9F} = {0AB3BF05-4346-4AA6-1389-037BE0695223}
		{4EFB92AC-8789-4020-9D09-ABD8ACAA6BAF} = {827E0CD3-B72D-47B6-A68D-7590B98EB39B}
		{1E9C9357-86EB-47EA-8718-F778F88EE029} = {0AB3BF05-4346-4AA6-1389-037BE0695223}
		{B3DCC3A1-294E-41BA-8A78-A04CEE579A32} = {827E0CD3-B72D-47B6-A68D-7590B98EB39B}
		{ED69F3A8-0E13-468F-AC59-9E4C06EB1405} = {827E0CD3-B72D-47B6-A68D-7590B98EB39B}
		{B1569C9D-EEF3-4222-BB75-DEBB7DB873FB} = {0AB3BF05-4346-4AA6-1389-037BE0695223}
	EndGlobalSection
EndGlobal
