
Microsoft Visual Studio Solution File, Format Version 12.00
# Visual Studio Version 17
VisualStudioVersion = 17.0.31903.59
MinimumVisualStudioVersion = 10.0.40219.1
Project("{2150E333-8FDC-42A3-9474-1A3956D46DE8}") = "src", "src", "{827E0CD3-B72D-47B6-A68D-7590B98EB39B}"
EndProject
Project("{FAE04EC0-301F-11D3-BF4B-00C04F79EFBC}") = "Md2OneNote.Core", "src\Md2OneNote.Core\Md2OneNote.Core.csproj", "{893F8F82-BCFD-47A8-9A03-7417F1FE1EA7}"
EndProject
Project("{FAE04EC0-301F-11D3-BF4B-00C04F79EFBC}") = "Md2OneNote.Application", "src\Md2OneNote.Application\Md2OneNote.Application.csproj", "{3DF4D5BF-8448-4237-9DD8-15A98BD842D5}"
EndProject
Project("{2150E333-8FDC-42A3-9474-1A3956D46DE8}") = "tests", "tests", "{0AB3BF05-4346-4AA6-1389-037BE0695223}"
EndProject
Project("{FAE04EC0-301F-11D3-BF4B-00C04F79EFBC}") = "Md2OneNote.Application.Tests", "tests\Md2OneNote.Application.Tests\Md2OneNote.Application.Tests.csproj", "{6DBF44E4-F24F-4A9B-ABF6-A06CE4163F1A}"
EndProject
Global
	GlobalSection(SolutionConfigurationPlatforms) = preSolution
		Debug|Any CPU = Debug|Any CPU
		Debug|x64 = Debug|x64
		Debug|x86 = Debug|x86
		Release|Any CPU = Release|Any CPU
		Release|x64 = Release|x64
		Release|x86 = Release|x86
	EndGlobalSection
	GlobalSection(ProjectConfigurationPlatforms) = postSolution
		{893F8F82-BCFD-47A8-9A03-7417F1FE1EA7}.Debug|Any CPU.ActiveCfg = Debug|Any CPU
		{893F8F82-BCFD-47A8-9A03-7417F1FE1EA7}.Debug|Any CPU.Build.0 = Debug|Any CPU
		{893F8F82-BCFD-47A8-9A03-7417F1FE1EA7}.Debug|x64.ActiveCfg = Debug|Any CPU
		{893F8F82-BCFD-47A8-9A03-7417F1FE1EA7}.Debug|x64.Build.0 = Debug|Any CPU
		{893F8F82-BCFD-47A8-9A03-7417F1FE1EA7}.Debug|x86.ActiveCfg = Debug|Any CPU
		{893F8F82-BCFD-47A8-9A03-7417F1FE1EA7}.Debug|x86.Build.0 = Debug|Any CPU
		{893F8F82-BCFD-47A8-9A03-7417F1FE1EA7}.Release|Any CPU.ActiveCfg = Release|Any CPU
		{893F8F82-BCFD-47A8-9A03-7417F1FE1EA7}.Release|Any CPU.Build.0 = Release|Any CPU
		{893F8F82-BCFD-47A8-9A03-7417F1FE1EA7}.Release|x64.ActiveCfg = Release|Any CPU
		{893F8F82-BCFD-47A8-9A03-7417F1FE1EA7}.Release|x64.Build.0 = Release|Any CPU
		{893F8F82-BCFD-47A8-9A03-7417F1FE1EA7}.Release|x86.ActiveCfg = Release|Any CPU
		{893F8F82-BCFD-47A8-9A03-7417F1FE1EA7}.Release|x86.Build.0 = Release|Any CPU
		{3DF4D5BF-8448-4237-9DD8-15A98BD842D5}.Debug|Any CPU.ActiveCfg = Debug|Any CPU
		{3DF4D5BF-8448-4237-9DD8-15A98BD842D5}.Debug|Any CPU.Build.0 = Debug|Any CPU
		{3DF4D5BF-8448-4237-9DD8-15A98BD842D5}.Debug|x64.ActiveCfg = Debug|Any CPU
		{3DF4D5BF-8448-4237-9DD8-15A98BD842D5}.Debug|x64.Build.0 = Debug|Any CPU
		{3DF4D5BF-8448-4237-9DD8-15A98BD842D5}.Debug|x86.ActiveCfg = Debug|Any CPU
		{3DF4D5BF-8448-4237-9DD8-15A98BD842D5}.Debug|x86.Build.0 = Debug|Any CPU
		{3DF4D5BF-8448-4237-9DD8-15A98BD842D5}.Release|Any CPU.ActiveCfg = Release|Any CPU
		{3DF4D5BF-8448-4237-9DD8-15A98BD842D5}.Release|Any CPU.Build.0 = Release|Any CPU
		{3DF4D5BF-8448-4237-9DD8-15A98BD842D5}.Release|x64.ActiveCfg = Release|Any CPU
		{3DF4D5BF-8448-4237-9DD8-15A98BD842D5}.Release|x64.Build.0 = Release|Any CPU
		{3DF4D5BF-8448-4237-9DD8-15A98BD842D5}.Release|x86.ActiveCfg = Release|Any CPU
		{3DF4D5BF-8448-4237-9DD8-15A98BD842D5}.Release|x86.Build.0 = Release|Any CPU
		{6DBF44E4-F24F-4A9B-ABF6-A06CE4163F1A}.Debug|Any CPU.ActiveCfg = Debug|Any CPU
		{6DBF44E4-F24F-4A9B-ABF6-A06CE4163F1A}.Debug|Any CPU.Build.0 = Debug|Any CPU
		{6DBF44E4-F24F-4A9B-ABF6-A06CE4163F1A}.Debug|x64.ActiveCfg = Debug|Any CPU
		{6DBF44E4-F24F-4A9B-ABF6-A06CE4163F1A}.Debug|x64.Build.0 = Debug|Any CPU
		{6DBF44E4-F24F-4A9B-ABF6-A06CE4163F1A}.Debug|x86.ActiveCfg = Debug|Any CPU
		{6DBF44E4-F24F-4A9B-ABF6-A06CE4163F1A}.Debug|x86.Build.0 = Debug|Any CPU
		{6DBF44E4-F24F-4A9B-ABF6-A06CE4163F1A}.Release|Any CPU.ActiveCfg = Release|Any CPU
		{6DBF44E4-F24F-4A9B-ABF6-A06CE4163F1A}.Release|Any CPU.Build.0 = Release|Any CPU
		{6DBF44E4-F24F-4A9B-ABF6-A06CE4163F1A}.Release|x64.ActiveCfg = Release|Any CPU
		{6DBF44E4-F24F-4A9B-ABF6-A06CE4163F1A}.Release|x64.Build.0 = Release|Any CPU
		{6DBF44E4-F24F-4A9B-ABF6-A06CE4163F1A}.Release|x86.ActiveCfg = Release|Any CPU
		{6DBF44E4-F24F-4A9B-ABF6-A06CE4163F1A}.Release|x86.Build.0 = Release|Any CPU
	EndGlobalSection
	GlobalSection(SolutionProperties) = preSolution
		HideSolutionNode = FALSE
	EndGlobalSection
	GlobalSection(NestedProjects) = preSolution
		{893F8F82-BCFD-47A8-9A03-7417F1FE1EA7} = {827E0CD3-B72D-47B6-A68D-7590B98EB39B}
		{3DF4D5BF-8448-4237-9DD8-15A98BD842D5} = {827E0CD3-B72D-47B6-A68D-7590B98EB39B}
		{6DBF44E4-F24F-4A9B-ABF6-A06CE4163F1A} = {0AB3BF05-4346-4AA6-1389-037BE0695223}
	EndGlobalSection
EndGlobal
